# This file is generated by running "yarn install" inside your project.
# Manual changes might be lost - proceed with caution!

__metadata:
  version: 8
  cacheKey: 10c0

"@types/node@npm:20.11.5":
  version: 20.11.5
  resolution: "@types/node@npm:20.11.5"
  dependencies:
    undici-types: "npm:~5.26.4"
  checksum: 10c0/6d18cec852f5cfbed3ec42b5c01c026e7a3f9da540d6e3d6738d4cee9979fb308cf27b6df7ba40a6553e7bc82e678f0ef53ba6e6ad52e5b86bd97b7783c2a42c
  languageName: node
  linkType: hard

"global-methods@workspace:.":
  version: 0.0.0-use.local
  resolution: "global-methods@workspace:."
  dependencies:
    "@types/node": "npm:20.11.5"
    typescript: "npm:^4.8.4"
  peerDependencies:
    react: "*"
  languageName: unknown
  linkType: soft

"typescript@npm:^4.8.4":
  version: 4.8.4
  resolution: "typescript@npm:4.8.4"
  bin:
    tsc: bin/tsc
    tsserver: bin/tsserver
  checksum: 10c0/663bf455b21ac024e719bb8c6a07bcaaa027a9943abfb58a694b59789e7d08578badb5556170267ad480e31786b8b4c8ab3c9c0e597d3b8df39af800e43c6ed5
  languageName: node
  linkType: hard

"typescript@patch:typescript@npm%3A^4.8.4#optional!builtin<compat/typescript>":
  version: 4.8.4
  resolution: "typescript@patch:typescript@npm%3A4.8.4#optional!builtin<compat/typescript>::version=4.8.4&hash=1a91c8"
  bin:
    tsc: bin/tsc
    tsserver: bin/tsserver
  checksum: 10c0/eecab597a5a8c6e7f14804f1447cfce02e214e32c02efcfe5219c94290e3d572490e8a0d8033fd075ac429d35babf85182541a50c50bfb0c21df33c59fb9bf82
  languageName: node
  linkType: hard

"undici-types@npm:~5.26.4":
  version: 5.26.5
  resolution: "undici-types@npm:5.26.5"
  checksum: 10c0/bb673d7876c2d411b6eb6c560e0c571eef4a01c1c19925175d16e3a30c4c428181fb8d7ae802a261f283e4166a0ac435e2f505743aa9e45d893f9a3df017b501
  languageName: node
  linkType: hard
